
Microsoft Visual Studio Solution File, Format Version 12.00
Project("{FAE04EC0-301F-11D3-BF4B-00C04F79EFBC}") = "GenericSpecialization.Tests", "GenericSpecialization.Tests\GenericSpecialization.Tests.csproj", "{782E695E-9476-4597-9DF4-05208E49633A}"
EndProject
Project("{FAE04EC0-301F-11D3-BF4B-00C04F79EFBC}") = "GenericSpecialization.AssemblyToProcess", "GenericSpecialization.AssemblyToProcess\GenericSpecialization.AssemblyToProcess.csproj", "{10B2F6B3-9382-4E1F-B309-ED222C4B4834}"
EndProject
Project("{FAE04EC0-301F-11D3-BF4B-00C04F79EFBC}") = "GenericSpecialization.Fody", "GenericSpecialization.Fody\GenericSpecialization.Fody.csproj", "{97F70E39-4A5B-4A1C-AB90-CBAB7C322C6A}"
EndProject
Global
	GlobalSection(SolutionConfigurationPlatforms) = preSolution
		Debug|Any CPU = Debug|Any CPU
		Release|Any CPU = Release|Any CPU
	EndGlobalSection
	GlobalSection(ProjectConfigurationPlatforms) = postSolution
		{782E695E-9476-4597-9DF4-05208E49633A}.Debug|Any CPU.ActiveCfg = Debug|Any CPU
		{782E695E-9476-4597-9DF4-05208E49633A}.Debug|Any CPU.Build.0 = Debug|Any CPU
		{782E695E-9476-4597-9DF4-05208E49633A}.Release|Any CPU.ActiveCfg = Release|Any CPU
		{782E695E-9476-4597-9DF4-05208E49633A}.Release|Any CPU.Build.0 = Release|Any CPU
		{10B2F6B3-9382-4E1F-B309-ED222C4B4834}.Debug|Any CPU.ActiveCfg = Debug|Any CPU
		{10B2F6B3-9382-4E1F-B309-ED222C4B4834}.Debug|Any CPU.Build.0 = Debug|Any CPU
		{10B2F6B3-9382-4E1F-B309-ED222C4B4834}.Release|Any CPU.ActiveCfg = Release|Any CPU
		{10B2F6B3-9382-4E1F-B309-ED222C4B4834}.Release|Any CPU.Build.0 = Release|Any CPU
		{97F70E39-4A5B-4A1C-AB90-CBAB7C322C6A}.Debug|Any CPU.ActiveCfg = Debug|Any CPU
		{97F70E39-4A5B-4A1C-AB90-CBAB7C322C6A}.Debug|Any CPU.Build.0 = Debug|Any CPU
		{97F70E39-4A5B-4A1C-AB90-CBAB7C322C6A}.Release|Any CPU.ActiveCfg = Release|Any CPU
		{97F70E39-4A5B-4A1C-AB90-CBAB7C322C6A}.Release|Any CPU.Build.0 = Release|Any CPU
	EndGlobalSection
EndGlobal
